{
  "nodes": {
    "darwin": {
      "inputs": {
        "nixpkgs": [
          "nixpkgs"
        ]
      },
      "locked": {
        "lastModified": 1612476302,
        "narHash": "sha256-gPQy5UoFU3pdnfJjxbhC56AnaMRx0DWMzHM51EJImN0=",
        "owner": "lnl7",
        "repo": "nix-darwin",
        "rev": "dca3806552420c811e539ede2af3aa7aec665ba1",
        "type": "github"
      },
      "original": {
        "owner": "lnl7",
        "ref": "master",
        "repo": "nix-darwin",
        "type": "github"
      }
    },
    "flake-utils": {
      "locked": {
        "lastModified": 1610051610,
        "narHash": "sha256-U9rPz/usA1/Aohhk7Cmc2gBrEEKRzcW4nwPWMPwja4Y=",
        "owner": "numtide",
        "repo": "flake-utils",
        "rev": "3982c9903e93927c2164caa727cd3f6a0e6d14cc",
        "type": "github"
      },
      "original": {
        "owner": "numtide",
        "repo": "flake-utils",
        "type": "github"
      }
    },
    "home-manager": {
      "inputs": {
        "nixpkgs": [
          "nixpkgs"
        ]
      },
      "locked": {
        "lastModified": 1612646749,
        "narHash": "sha256-m2o9E4PHMJHRrp9udYfPp/onqY9flMD2dTKJuhvp7TM=",
        "owner": "nix-community",
        "repo": "home-manager",
        "rev": "6dfa9ef85cf4e23ec42f34c9e988baaf793617a1",
        "type": "github"
      },
      "original": {
        "owner": "nix-community",
        "repo": "home-manager",
        "type": "github"
      }
    },
    "nixos-stable": {
      "locked": {
        "lastModified": 1612568312,
        "narHash": "sha256-DbJ2aiZaFBYUTscEfjOqW/v1bCSE35X2g0rfmQQLEUs=",
        "owner": "nixos",
        "repo": "nixpkgs",
        "rev": "22a2b332378b99461edeaf9754dc2d6b4a210148",
        "type": "github"
      },
      "original": {
        "owner": "nixos",
        "ref": "nixos-20.09",
        "repo": "nixpkgs",
        "type": "github"
      }
    },
    "nixpkgs": {
      "locked": {
        "lastModified": 1612545171,
        "narHash": "sha256-AZkSuO7H055eDD4KWBEDCX/R5fvw0vUMCErvQvYSEhA=",
        "owner": "nixos",
        "repo": "nixpkgs",
        "rev": "536fe36e23ab0fc8b7f35c24603422eee9fc17a2",
        "type": "github"
      },
      "original": {
        "owner": "nixos",
        "ref": "nixos-unstable",
        "repo": "nixpkgs",
        "type": "github"
      }
    },
    "nixpkgs-master": {
      "locked": {
        "lastModified": 1612652404,
        "narHash": "sha256-AhTxF09ynvEiZfQnLFtdSbW7vRoODRvU/GEgArx9rIQ=",
        "owner": "nixos",
        "repo": "nixpkgs",
        "rev": "b69643af209fde4581b7a9f7a2235df47e970709",
        "type": "github"
      },
      "original": {
        "owner": "nixos",
        "ref": "master",
        "repo": "nixpkgs",
        "type": "github"
      }
    },
    "nixpkgs-stable-darwin": {
      "locked": {
        "lastModified": 1612624842,
        "narHash": "sha256-1dTmZOP85HJ0VxnfyJmPHdR2RD6/Hc5AxxwATnPSlbc=",
        "owner": "nixos",
        "repo": "nixpkgs",
        "rev": "002c001ab6ffa9a69e3178fefcfb2eea8ae5f44f",
        "type": "github"
      },
      "original": {
        "owner": "nixos",
        "ref": "nixpkgs-20.09-darwin",
        "repo": "nixpkgs",
        "type": "github"
      }
    },
    "root": {
      "inputs": {
        "darwin": "darwin",
        "flake-utils": "flake-utils",
        "home-manager": "home-manager",
        "nixos-stable": "nixos-stable",
        "nixpkgs": "nixpkgs",
        "nixpkgs-master": "nixpkgs-master",
        "nixpkgs-stable-darwin": "nixpkgs-stable-darwin"
      }
    }
  },
  "root": "root",
  "version": 7
}
